
Microsoft Visual Studio Solution File, Format Version 12.00
# Visual Studio 15
VisualStudioVersion = 15.0.28307.329
MinimumVisualStudioVersion = 10.0.40219.1
Project("{888888A0-9F3D-457C-B088-3A5042F75D52}") = "Intervocalic-t", "Intervocalic-t\Intervocalic-t.pyproj", "{B04BE3C9-F931-42A6-A631-39776DA379EB}"
EndProject
Global
	GlobalSection(SolutionConfigurationPlatforms) = preSolution
		Debug|Any CPU = Debug|Any CPU
		Release|Any CPU = Release|Any CPU
	EndGlobalSection
	GlobalSection(ProjectConfigurationPlatforms) = postSolution
		{B04BE3C9-F931-42A6-A631-39776DA379EB}.Debug|Any CPU.ActiveCfg = Debug|Any CPU
		{B04BE3C9-F931-42A6-A631-39776DA379EB}.Release|Any CPU.ActiveCfg = Release|Any CPU
	EndGlobalSection
	GlobalSection(SolutionProperties) = preSolution
		HideSolutionNode = FALSE
	EndGlobalSection
	GlobalSection(ExtensibilityGlobals) = postSolution
		SolutionGuid = {0D8D61F3-4618-4F9C-B931-9B1DE8333088}
	EndGlobalSection
EndGlobal
